
Microsoft Visual Studio Solution File, Format Version 11.00
# Visual Studio 2010
Project("{8BC9CEB8-8B4A-11D0-8D11-00A0C91BC942}") = "QLogger", "QLogger\QLogger.vcxproj", "{8F36C240-2A64-44BC-811F-4DF5AD4B2EDC}"
EndProject
Project("{8BC9CEB8-8B4A-11D0-8D11-00A0C91BC942}") = "gpusim-fe.Core", "gpusim-fe.Core\gpusim-fe.Core.vcxproj", "{909F470E-2BD5-4605-91A0-239E04B68B0B}"
	ProjectSection(ProjectDependencies) = postProject
		{8F36C240-2A64-44BC-811F-4DF5AD4B2EDC} = {8F36C240-2A64-44BC-811F-4DF5AD4B2EDC}
		{E4F7AC5E-C845-4FA8-9402-CCD15D92A205} = {E4F7AC5E-C845-4FA8-9402-CCD15D92A205}
	EndProjectSection
EndProject
Project("{8BC9CEB8-8B4A-11D0-8D11-00A0C91BC942}") = "gpusim-fe.ExperimentPlugin", "gpusim-fe.ExperimentPlugin\gpusim-fe.ExperimentPlugin.vcxproj", "{754DFBD7-091F-48A1-99DC-87B26BAE35D9}"
	ProjectSection(ProjectDependencies) = postProject
		{909F470E-2BD5-4605-91A0-239E04B68B0B} = {909F470E-2BD5-4605-91A0-239E04B68B0B}
		{8F36C240-2A64-44BC-811F-4DF5AD4B2EDC} = {8F36C240-2A64-44BC-811F-4DF5AD4B2EDC}
	EndProjectSection
EndProject
Project("{8BC9CEB8-8B4A-11D0-8D11-00A0C91BC942}") = "gpusim-fe.MatrixMultiplyExperimentPlugin", "gpusim-fe.MatrixMultiplyExperimentPlugin\gpusim-fe.MatrixMultiplyExperimentPlugin.vcxproj", "{275E1607-DC96-4878-B944-2F5F6EDF196D}"
	ProjectSection(ProjectDependencies) = postProject
		{909F470E-2BD5-4605-91A0-239E04B68B0B} = {909F470E-2BD5-4605-91A0-239E04B68B0B}
		{8F36C240-2A64-44BC-811F-4DF5AD4B2EDC} = {8F36C240-2A64-44BC-811F-4DF5AD4B2EDC}
		{E4F7AC5E-C845-4FA8-9402-CCD15D92A205} = {E4F7AC5E-C845-4FA8-9402-CCD15D92A205}
		{754DFBD7-091F-48A1-99DC-87B26BAE35D9} = {754DFBD7-091F-48A1-99DC-87B26BAE35D9}
	EndProjectSection
EndProject
Project("{8BC9CEB8-8B4A-11D0-8D11-00A0C91BC942}") = "gpusim-fe.Main", "gpusim-fe.Main\gpusim-fe.Main.vcxproj", "{05F8EFA2-25F1-44DC-ADA7-47B41A8B4561}"
	ProjectSection(ProjectDependencies) = postProject
		{275E1607-DC96-4878-B944-2F5F6EDF196D} = {275E1607-DC96-4878-B944-2F5F6EDF196D}
		{909F470E-2BD5-4605-91A0-239E04B68B0B} = {909F470E-2BD5-4605-91A0-239E04B68B0B}
		{8F36C240-2A64-44BC-811F-4DF5AD4B2EDC} = {8F36C240-2A64-44BC-811F-4DF5AD4B2EDC}
		{E4F7AC5E-C845-4FA8-9402-CCD15D92A205} = {E4F7AC5E-C845-4FA8-9402-CCD15D92A205}
		{7B4BD1C8-BDDD-49EE-8334-DE10D1CA0B83} = {7B4BD1C8-BDDD-49EE-8334-DE10D1CA0B83}
		{754DFBD7-091F-48A1-99DC-87B26BAE35D9} = {754DFBD7-091F-48A1-99DC-87B26BAE35D9}
	EndProjectSection
EndProject
Project("{8BC9CEB8-8B4A-11D0-8D11-00A0C91BC942}") = "gpusim-fe.Tools", "gpusim-fe.Tools\gpusim-fe.Tools.vcxproj", "{E4F7AC5E-C845-4FA8-9402-CCD15D92A205}"
	ProjectSection(ProjectDependencies) = postProject
		{8F36C240-2A64-44BC-811F-4DF5AD4B2EDC} = {8F36C240-2A64-44BC-811F-4DF5AD4B2EDC}
	EndProjectSection
EndProject
Project("{8BC9CEB8-8B4A-11D0-8D11-00A0C91BC942}") = "gpusim-fe.Calibrator", "gpusim-fe.Calibrator\gpusim-fe.Calibrator.vcxproj", "{17DDFB9A-BA6C-4BA0-A93A-F254343BAFF2}"
	ProjectSection(ProjectDependencies) = postProject
		{275E1607-DC96-4878-B944-2F5F6EDF196D} = {275E1607-DC96-4878-B944-2F5F6EDF196D}
		{909F470E-2BD5-4605-91A0-239E04B68B0B} = {909F470E-2BD5-4605-91A0-239E04B68B0B}
		{8F36C240-2A64-44BC-811F-4DF5AD4B2EDC} = {8F36C240-2A64-44BC-811F-4DF5AD4B2EDC}
		{7B4BD1C8-BDDD-49EE-8334-DE10D1CA0B83} = {7B4BD1C8-BDDD-49EE-8334-DE10D1CA0B83}
		{754DFBD7-091F-48A1-99DC-87B26BAE35D9} = {754DFBD7-091F-48A1-99DC-87B26BAE35D9}
	EndProjectSection
EndProject
Project("{8BC9CEB8-8B4A-11D0-8D11-00A0C91BC942}") = "gpusim-fe.NBodyExperimentPlugin", "gpusim-fe.NBodyExperimentPlugin\gpusim-fe.NBodyExperimentPlugin.vcxproj", "{7B4BD1C8-BDDD-49EE-8334-DE10D1CA0B83}"
	ProjectSection(ProjectDependencies) = postProject
		{909F470E-2BD5-4605-91A0-239E04B68B0B} = {909F470E-2BD5-4605-91A0-239E04B68B0B}
		{8F36C240-2A64-44BC-811F-4DF5AD4B2EDC} = {8F36C240-2A64-44BC-811F-4DF5AD4B2EDC}
		{E4F7AC5E-C845-4FA8-9402-CCD15D92A205} = {E4F7AC5E-C845-4FA8-9402-CCD15D92A205}
		{754DFBD7-091F-48A1-99DC-87B26BAE35D9} = {754DFBD7-091F-48A1-99DC-87B26BAE35D9}
	EndProjectSection
EndProject
Global
	GlobalSection(SolutionConfigurationPlatforms) = preSolution
		Debug|Win32 = Debug|Win32
		Release|Win32 = Release|Win32
	EndGlobalSection
	GlobalSection(ProjectConfigurationPlatforms) = postSolution
		{8F36C240-2A64-44BC-811F-4DF5AD4B2EDC}.Debug|Win32.ActiveCfg = Debug|Win32
		{8F36C240-2A64-44BC-811F-4DF5AD4B2EDC}.Debug|Win32.Build.0 = Debug|Win32
		{8F36C240-2A64-44BC-811F-4DF5AD4B2EDC}.Release|Win32.ActiveCfg = Release|Win32
		{8F36C240-2A64-44BC-811F-4DF5AD4B2EDC}.Release|Win32.Build.0 = Release|Win32
		{909F470E-2BD5-4605-91A0-239E04B68B0B}.Debug|Win32.ActiveCfg = Debug|Win32
		{909F470E-2BD5-4605-91A0-239E04B68B0B}.Debug|Win32.Build.0 = Debug|Win32
		{909F470E-2BD5-4605-91A0-239E04B68B0B}.Release|Win32.ActiveCfg = Release|Win32
		{909F470E-2BD5-4605-91A0-239E04B68B0B}.Release|Win32.Build.0 = Release|Win32
		{754DFBD7-091F-48A1-99DC-87B26BAE35D9}.Debug|Win32.ActiveCfg = Debug|Win32
		{754DFBD7-091F-48A1-99DC-87B26BAE35D9}.Debug|Win32.Build.0 = Debug|Win32
		{754DFBD7-091F-48A1-99DC-87B26BAE35D9}.Release|Win32.ActiveCfg = Release|Win32
		{754DFBD7-091F-48A1-99DC-87B26BAE35D9}.Release|Win32.Build.0 = Release|Win32
		{275E1607-DC96-4878-B944-2F5F6EDF196D}.Debug|Win32.ActiveCfg = Debug|Win32
		{275E1607-DC96-4878-B944-2F5F6EDF196D}.Debug|Win32.Build.0 = Debug|Win32
		{275E1607-DC96-4878-B944-2F5F6EDF196D}.Release|Win32.ActiveCfg = Release|Win32
		{275E1607-DC96-4878-B944-2F5F6EDF196D}.Release|Win32.Build.0 = Release|Win32
		{05F8EFA2-25F1-44DC-ADA7-47B41A8B4561}.Debug|Win32.ActiveCfg = Debug|Win32
		{05F8EFA2-25F1-44DC-ADA7-47B41A8B4561}.Debug|Win32.Build.0 = Debug|Win32
		{05F8EFA2-25F1-44DC-ADA7-47B41A8B4561}.Release|Win32.ActiveCfg = Release|Win32
		{05F8EFA2-25F1-44DC-ADA7-47B41A8B4561}.Release|Win32.Build.0 = Release|Win32
		{E4F7AC5E-C845-4FA8-9402-CCD15D92A205}.Debug|Win32.ActiveCfg = Debug|Win32
		{E4F7AC5E-C845-4FA8-9402-CCD15D92A205}.Debug|Win32.Build.0 = Debug|Win32
		{E4F7AC5E-C845-4FA8-9402-CCD15D92A205}.Release|Win32.ActiveCfg = Release|Win32
		{E4F7AC5E-C845-4FA8-9402-CCD15D92A205}.Release|Win32.Build.0 = Release|Win32
		{17DDFB9A-BA6C-4BA0-A93A-F254343BAFF2}.Debug|Win32.ActiveCfg = Debug|Win32
		{17DDFB9A-BA6C-4BA0-A93A-F254343BAFF2}.Debug|Win32.Build.0 = Debug|Win32
		{17DDFB9A-BA6C-4BA0-A93A-F254343BAFF2}.Release|Win32.ActiveCfg = Release|Win32
		{17DDFB9A-BA6C-4BA0-A93A-F254343BAFF2}.Release|Win32.Build.0 = Release|Win32
		{7B4BD1C8-BDDD-49EE-8334-DE10D1CA0B83}.Debug|Win32.ActiveCfg = Debug|Win32
		{7B4BD1C8-BDDD-49EE-8334-DE10D1CA0B83}.Debug|Win32.Build.0 = Debug|Win32
		{7B4BD1C8-BDDD-49EE-8334-DE10D1CA0B83}.Release|Win32.ActiveCfg = Release|Win32
		{7B4BD1C8-BDDD-49EE-8334-DE10D1CA0B83}.Release|Win32.Build.0 = Release|Win32
	EndGlobalSection
	GlobalSection(SolutionProperties) = preSolution
		HideSolutionNode = FALSE
	EndGlobalSection
EndGlobal
